
Microsoft Visual Studio Solution File, Format Version 12.00
# Visual Studio 15
VisualStudioVersion = 15.0.28307.705
MinimumVisualStudioVersion = 10.0.40219.1
Project("{FAE04EC0-301F-11D3-BF4B-00C04F79EFBC}") = "TopshelfService", "TopshelfService\TopshelfService.csproj", "{D42D0824-03F0-4457-8A2B-EBC0FB3D19EA}"
EndProject
Global
	GlobalSection(SolutionConfigurationPlatforms) = preSolution
		Debug|Any CPU = Debug|Any CPU
		Release|Any CPU = Release|Any CPU
	EndGlobalSection
	GlobalSection(ProjectConfigurationPlatforms) = postSolution
		{D42D0824-03F0-4457-8A2B-EBC0FB3D19EA}.Debug|Any CPU.ActiveCfg = Debug|Any CPU
		{D42D0824-03F0-4457-8A2B-EBC0FB3D19EA}.Debug|Any CPU.Build.0 = Debug|Any CPU
		{D42D0824-03F0-4457-8A2B-EBC0FB3D19EA}.Release|Any CPU.ActiveCfg = Release|Any CPU
		{D42D0824-03F0-4457-8A2B-EBC0FB3D19EA}.Release|Any CPU.Build.0 = Release|Any CPU
	EndGlobalSection
	GlobalSection(SolutionProperties) = preSolution
		HideSolutionNode = FALSE
	EndGlobalSection
	GlobalSection(ExtensibilityGlobals) = postSolution
		SolutionGuid = {8DD490D3-0466-4D26-8677-DE2BD404162F}
	EndGlobalSection
EndGlobal
